# This file is automatically @generated by Poetry 1.5.1 and should not be changed by hand.

[[package]]
name = "upgraded-engineer"
version = "0.2.1"
description = "Python \"API\" for interacting with rusty-engine"
optional = false
python-versions = "*"
files = [
    {file = "upgraded-engineer-0.2.1.tar.gz", hash = "sha256:6696c52951a076c28a13d280e950be3f128ee4901ac8bf11d5280aa6134f5ac7"},
    {file = "upgraded_engineer-0.2.1-py3-none-any.whl", hash = "sha256:e98fcf314aabb49e01f7296845d59460e1beffc224ce35c0663f620cd727d4ac"},
]

[metadata]
lock-version = "2.0"
python-versions = ">=3.10.0,<3.11"
content-hash = "fb173eab65c3b96ae57dd822f8b6a72d9935e2cffa749a333f2ab07b7271d599"
